# THIS IS AN AUTOGENERATED FILE. DO NOT EDIT THIS FILE DIRECTLY.
# yarn lockfile v1


"@flexn/create-template-starter@1.2.1":
  version "1.2.1"
  resolved "https://registry.yarnpkg.com/@flexn/create-template-starter/-/create-template-starter-1.2.1.tgz#f2a9fd853176bc30e7686eb57bb0da87b1cdef0e"
  integrity sha512-TJJ9LpstfWU/UjdBnuheyi06dHoJNuVD0i+NLO0/C+hbEVilZ7qKgqCTav9N9Su/wNEuHiixxOCgF75Hdi/rlQ==
  dependencies:
    raf "3.4.1"

performance-now@^2.1.0:
  version "2.1.0"
  resolved "https://registry.yarnpkg.com/performance-now/-/performance-now-2.1.0.tgz#6309f4e0e5fa913ec1c69307ae364b4b377c9e7b"
  integrity sha512-7EAHlyLHI56VEIdK57uwHdHKIaAGbnXPiw0yWbarQZOKaKpvUIgW0jWRVLiatnM+XXlSwsanIBH/hzGMJulMow==

raf@3.4.1:
  version "3.4.1"
  resolved "https://registry.yarnpkg.com/raf/-/raf-3.4.1.tgz#0742e99a4a6552f445d73e3ee0328af0ff1ede39"
  integrity sha512-Sq4CW4QhwOHE8ucn6J34MqtZCeWFP2aQSmrlroYgqAV1PjStIhJXxYuTgUIfkEk7zTLjmIjLmU5q+fbD1NnOJA==
  dependencies:
    performance-now "^2.1.0"
